PODS:
  - LWSQLCipherDB (1.0.0):
    - SQLCipher
  - SQLCipher (4.5.0):
    - SQLCipher/standard (= 4.5.0)
  - SQLCipher/common (4.5.0)
  - SQLCipher/standard (4.5.0):
    - SQLCipher/common

DEPENDENCIES:
  - LWSQLCipherDB (from `../`)
  - SQLCipher

SPEC REPOS:
  trunk:
    - SQLCipher

EXTERNAL SOURCES:
  LWSQLCipherDB:
    :path: "../"

SPEC CHECKSUMS:
  LWSQLCipherDB: 63d5985d2c8fefa2b3ecc4f8771f2956a03eee7f
  SQLCipher: 98dc22f27c0b1790d39e710d440f22a466ebdb59

PODFILE CHECKSUM: fde5dd1e6630eaaf2cf557f5fef35a58bda6ce0e

COCOAPODS: 1.11.2
